
Microsoft Visual Studio Solution File, Format Version 12.00
Project("{FAE04EC0-301F-11D3-BF4B-00C04F79EFBC}") = "OrderDeliverySimulation", "OrderDeliverySimulation\OrderDeliverySimulation.csproj", "{AB4673BF-93D8-4483-A614-9A6E515D5EF2}"
EndProject
Global
	GlobalSection(SolutionConfigurationPlatforms) = preSolution
		Debug|Any CPU = Debug|Any CPU
		Release|Any CPU = Release|Any CPU
	EndGlobalSection
	GlobalSection(ProjectConfigurationPlatforms) = postSolution
		{AB4673BF-93D8-4483-A614-9A6E515D5EF2}.Debug|Any CPU.ActiveCfg = Debug|Any CPU
		{AB4673BF-93D8-4483-A614-9A6E515D5EF2}.Debug|Any CPU.Build.0 = Debug|Any CPU
		{AB4673BF-93D8-4483-A614-9A6E515D5EF2}.Release|Any CPU.ActiveCfg = Release|Any CPU
		{AB4673BF-93D8-4483-A614-9A6E515D5EF2}.Release|Any CPU.Build.0 = Release|Any CPU
	EndGlobalSection
EndGlobal
